
Microsoft Visual Studio Solution File, Format Version 12.00
# Visual Studio Version 16
VisualStudioVersion = 16.0.32929.386
MinimumVisualStudioVersion = 10.0.40219.1
Project("{FAE04EC0-301F-11D3-BF4B-00C04F79EFBC}") = "RestrictedUI", "RestrictedUI\RestrictedUI.csproj", "{A67A1113-7AA5-48D7-9B7F-014431EF84E7}"
EndProject
Global
	GlobalSection(SolutionConfigurationPlatforms) = preSolution
		Debug|Any CPU = Debug|Any CPU
		Release|Any CPU = Release|Any CPU
	EndGlobalSection
	GlobalSection(ProjectConfigurationPlatforms) = postSolution
		{A67A1113-7AA5-48D7-9B7F-014431EF84E7}.Debug|Any CPU.ActiveCfg = Debug|Any CPU
		{A67A1113-7AA5-48D7-9B7F-014431EF84E7}.Debug|Any CPU.Build.0 = Debug|Any CPU
		{A67A1113-7AA5-48D7-9B7F-014431EF84E7}.Release|Any CPU.ActiveCfg = Release|Any CPU
		{A67A1113-7AA5-48D7-9B7F-014431EF84E7}.Release|Any CPU.Build.0 = Release|Any CPU
	EndGlobalSection
	GlobalSection(SolutionProperties) = preSolution
		HideSolutionNode = FALSE
	EndGlobalSection
	GlobalSection(ExtensibilityGlobals) = postSolution
		SolutionGuid = {CDFB1924-EE65-4AEB-9790-61C7BC7FB9C8}
	EndGlobalSection
EndGlobal
